
Microsoft Visual Studio Solution File, Format Version 12.00
# Visual Studio Version 17
VisualStudioVersion = 17.9.34728.123
MinimumVisualStudioVersion = 10.0.40219.1
Project("{FAE04EC0-301F-11D3-BF4B-00C04F79EFBC}") = "FacadePattern", "FacadePattern.csproj", "{B3E373BB-D7A5-46A9-B4E4-41C755E0BDB3}"
EndProject
Global
	GlobalSection(SolutionConfigurationPlatforms) = preSolution
		Debug|Any CPU = Debug|Any CPU
		Release|Any CPU = Release|Any CPU
	EndGlobalSection
	GlobalSection(ProjectConfigurationPlatforms) = postSolution
		{B3E373BB-D7A5-46A9-B4E4-41C755E0BDB3}.Debug|Any CPU.ActiveCfg = Debug|Any CPU
		{B3E373BB-D7A5-46A9-B4E4-41C755E0BDB3}.Debug|Any CPU.Build.0 = Debug|Any CPU
		{B3E373BB-D7A5-46A9-B4E4-41C755E0BDB3}.Release|Any CPU.ActiveCfg = Release|Any CPU
		{B3E373BB-D7A5-46A9-B4E4-41C755E0BDB3}.Release|Any CPU.Build.0 = Release|Any CPU
	EndGlobalSection
	GlobalSection(SolutionProperties) = preSolution
		HideSolutionNode = FALSE
	EndGlobalSection
	GlobalSection(ExtensibilityGlobals) = postSolution
		SolutionGuid = {E2D3BEE1-F928-4309-95D5-5A72849D706A}
	EndGlobalSection
EndGlobal
